# THIS IS AN AUTOGENERATED FILE. DO NOT EDIT THIS FILE DIRECTLY.
# yarn lockfile v1


"@discordjs/collection@^0.1.6":
  version "0.1.6"
  resolved "https://registry.npmjs.org/@discordjs/collection/-/collection-0.1.6.tgz"

"@discordjs/form-data@^3.0.1":
  version "3.0.1"
  resolved "https://registry.npmjs.org/@discordjs/form-data/-/form-data-3.0.1.tgz"
  dependencies:
    asynckit "^0.4.0"
    combined-stream "^1.0.8"
    mime-types "^2.1.12"

abort-controller@^3.0.0:
  version "3.0.0"
  resolved "https://registry.npmjs.org/abort-controller/-/abort-controller-3.0.0.tgz"
  dependencies:
    event-target-shim "^5.0.0"

asynckit@^0.4.0:
  version "0.4.0"
  resolved "https://registry.npmjs.org/asynckit/-/asynckit-0.4.0.tgz"

axios@^0.21.1:
  version "0.21.1"
  resolved "https://registry.yarnpkg.com/axios/-/axios-0.21.1.tgz#22563481962f4d6bde9a76d516ef0e5d3c09b2b8"
  dependencies:
    follow-redirects "^1.10.0"

combined-stream@^1.0.8:
  version "1.0.8"
  resolved "https://registry.npmjs.org/combined-stream/-/combined-stream-1.0.8.tgz"
  dependencies:
    delayed-stream "~1.0.0"

dblapi.js@^2.4.0:
  version "2.4.1"
  resolved "https://registry.npmjs.org/dblapi.js/-/dblapi.js-2.4.1.tgz"

delayed-stream@~1.0.0:
  version "1.0.0"
  resolved "https://registry.npmjs.org/delayed-stream/-/delayed-stream-1.0.0.tgz"

discord.js@^12.5.1:
  version "12.5.1"
  resolved "https://registry.npmjs.org/discord.js/-/discord.js-12.5.1.tgz"
  dependencies:
    "@discordjs/collection" "^0.1.6"
    "@discordjs/form-data" "^3.0.1"
    abort-controller "^3.0.0"
    node-fetch "^2.6.1"
    prism-media "^1.2.2"
    setimmediate "^1.0.5"
    tweetnacl "^1.0.3"
    ws "^7.3.1"

enum@^3.0.4:
  version "3.0.4"
  resolved "https://registry.npmjs.org/enum/-/enum-3.0.4.tgz"

event-target-shim@^5.0.0:
  version "5.0.1"
  resolved "https://registry.npmjs.org/event-target-shim/-/event-target-shim-5.0.1.tgz"

follow-redirects@^1.10.0:
  version "1.13.3"
  resolved "https://registry.yarnpkg.com/follow-redirects/-/follow-redirects-1.13.3.tgz#e5598ad50174c1bc4e872301e82ac2cd97f90267"

larg@0.0.4:
  version "0.0.4"
  resolved "https://registry.npmjs.org/larg/-/larg-0.0.4.tgz"

lodash@^4.17.15:
  version "4.17.21"
  resolved "https://registry.npmjs.org/lodash/-/lodash-4.17.21.tgz"

mime-db@1.46.0:
  version "1.46.0"
  resolved "https://registry.npmjs.org/mime-db/-/mime-db-1.46.0.tgz"

mime-types@^2.1.12:
  version "2.1.29"
  resolved "https://registry.npmjs.org/mime-types/-/mime-types-2.1.29.tgz"
  dependencies:
    mime-db "1.46.0"

node-fetch@^2.6.1:
  version "2.6.1"
  resolved "https://registry.npmjs.org/node-fetch/-/node-fetch-2.6.1.tgz"

prism-media@^1.2.2:
  version "1.2.8"
  resolved "https://registry.npmjs.org/prism-media/-/prism-media-1.2.8.tgz"

setimmediate@^1.0.5:
  version "1.0.5"
  resolved "https://registry.npmjs.org/setimmediate/-/setimmediate-1.0.5.tgz"

tweetnacl@^1.0.3:
  version "1.0.3"
  resolved "https://registry.npmjs.org/tweetnacl/-/tweetnacl-1.0.3.tgz"

ws@^7.3.1:
  version "7.4.4"
  resolved "https://registry.npmjs.org/ws/-/ws-7.4.4.tgz"

wumpfetch@^0.2.13:
  version "0.2.14"
  resolved "https://registry.npmjs.org/wumpfetch/-/wumpfetch-0.2.14.tgz"
